
Microsoft Visual Studio Solution File, Format Version 12.00
# Visual Studio Version 17
VisualStudioVersion = 17.0.32014.148
MinimumVisualStudioVersion = 10.0.40219.1
Project("{FAE04EC0-301F-11D3-BF4B-00C04F79EFBC}") = "DBWarmUpApp.Domain", "DBWarmUpApp.Domain\DBWarmUpApp.Domain.csproj", "{D1CF9F58-44A5-4A52-99C6-94E0FCEB29D9}"
EndProject
Project("{FAE04EC0-301F-11D3-BF4B-00C04F79EFBC}") = "DBWarmUpApp.WebApp", "DBWarmUpApp.WebApp\DBWarmUpApp.WebApp.csproj", "{71FDAB35-A3BF-420F-937A-3E37BC48706D}"
EndProject
Global
	GlobalSection(SolutionConfigurationPlatforms) = preSolution
		Debug|Any CPU = Debug|Any CPU
		Release|Any CPU = Release|Any CPU
	EndGlobalSection
	GlobalSection(ProjectConfigurationPlatforms) = postSolution
		{D1CF9F58-44A5-4A52-99C6-94E0FCEB29D9}.Debug|Any CPU.ActiveCfg = Debug|Any CPU
		{D1CF9F58-44A5-4A52-99C6-94E0FCEB29D9}.Debug|Any CPU.Build.0 = Debug|Any CPU
		{D1CF9F58-44A5-4A52-99C6-94E0FCEB29D9}.Release|Any CPU.ActiveCfg = Release|Any CPU
		{D1CF9F58-44A5-4A52-99C6-94E0FCEB29D9}.Release|Any CPU.Build.0 = Release|Any CPU
		{71FDAB35-A3BF-420F-937A-3E37BC48706D}.Debug|Any CPU.ActiveCfg = Debug|Any CPU
		{71FDAB35-A3BF-420F-937A-3E37BC48706D}.Debug|Any CPU.Build.0 = Debug|Any CPU
		{71FDAB35-A3BF-420F-937A-3E37BC48706D}.Release|Any CPU.ActiveCfg = Release|Any CPU
		{71FDAB35-A3BF-420F-937A-3E37BC48706D}.Release|Any CPU.Build.0 = Release|Any CPU
	EndGlobalSection
	GlobalSection(SolutionProperties) = preSolution
		HideSolutionNode = FALSE
	EndGlobalSection
	GlobalSection(ExtensibilityGlobals) = postSolution
		SolutionGuid = {F688362C-CAE7-4AD9-875C-8CF6F628EB1F}
	EndGlobalSection
EndGlobal
